{
  "nodes": {
    "corepkgs": {
      "inputs": {
        "nix-lib": "nix-lib",
        "systems": "systems",
        "treefmt-nix": "treefmt-nix"
      },
      "locked": {
        "lastModified": 1791515885,
        "narHash": "sha256-DKAWyv2FWQ731TQJZvKHV9caJrxOkfWTLry14QUHq64=",
        "owner": "ekala-project",
        "repo": "corepkgs",
        "rev": "433e1ddb855ca002b5f9104f77c12e3e004b7d65",
        "type": "github"
      },
      "original": {
        "owner": "ekala-project",
        "repo": "corepkgs",
        "type": "github"
      }
    },
    "cuda": {
      "flake": false,
      "locked": {
        "lastModified": 1785456825,
        "narHash": "sha256-jlCNiGUGY3ykXkp/IpEz9jHDaQipN8nkBWPf7Rwl2oM=",
        "owner": "ekala-project",
        "repo": "cuda-pkgs",
        "rev": "bbd431732bbd86645f8cb8edf0fe2441ecabd89a",
        "type": "github"
      },
      "original": {
        "owner": "ekala-project",
        "repo": "cuda-pkgs",
        "type": "github"
      }
    },
    "haskell": {
      "flake": false,
      "locked": {
        "lastModified": 1790794721,
        "narHash": "sha256-u2Koo/5gCYPi2wY7RIGO96WtdNB7yIKM6/PqE3qdCvg=",
        "owner": "ekala-project",
        "repo": "haskell-pkgs",
        "rev": "31cac3eac23e40bf973b2d4cf69efde5bbf31147",
        "type": "github"
      },
      "original": {
        "owner": "ekala-project",
        "repo": "haskell-pkgs",
        "type": "github"
      }
    },
    "nix-lib": {
      "locked": {
        "lastModified": 1787401631,
        "narHash": "sha256-Qko+hdbdmfUT+wSTlcc7TOAMHGhyMI9sdRlKzcyzDqk=",
        "owner": "ekala-project",
        "repo": "nix-lib",
        "rev": "a52fa865318d189e15ecc37ed1d26815309e4e4e",
        "type": "github"
      },
      "original": {
        "owner": "ekala-project",
        "repo": "nix-lib",
        "type": "github"
      }
    },
    "nixpkgs": {
      "locked": {
        "lastModified": 1770107345,
        "narHash": "sha256-tbS0Ebx2PiA1FRW8mt8oejR0qMXmziJmPaU1d4kYY9g=",
        "owner": "nixos",
        "repo": "nixpkgs",
        "rev": "4533d9293756b63904b7238acb84ac8fe4c8c2c4",
        "type": "github"
      },
      "original": {
        "owner": "nixos",
        "ref": "nixpkgs-unstable",
        "repo": "nixpkgs",
        "type": "github"
      }
    },
    "python": {
      "flake": false,
      "locked": {
        "lastModified": 1791387558,
        "narHash": "sha256-GGitMBgtOz4vs2REeOsrG1oGWVOH/wNbxHjtcg2xY4E=",
        "owner": "ekala-project",
        "repo": "python-pkgs",
        "rev": "76ab546d759d77a90962c8f2a2b9b361ad7110b8",
        "type": "github"
      },
      "original": {
        "owner": "ekala-project",
        "repo": "python-pkgs",
        "type": "github"
      }
    },
    "r-pkgs": {
      "flake": false,
      "locked": {
        "lastModified": 1787667829,
        "narHash": "sha256-9BfOSMN4gnDEnSVRvpKNHnNfAbJF+PEH7xGiKz/5rMQ=",
        "owner": "ekala-project",
        "repo": "r-pkgs",
        "rev": "3dce8be145a252f59bdc2bc5d96ad24f51be4870",
        "type": "github"
      },
      "original": {
        "owner": "ekala-project",
        "repo": "r-pkgs",
        "type": "github"
      }
    },
    "root": {
      "inputs": {
        "corepkgs": "corepkgs",
        "cuda": "cuda",
        "haskell": "haskell",
        "nix-lib": [
          "corepkgs",
          "nix-lib"
        ],
        "python": "python",
        "r-pkgs": "r-pkgs",
        "systems": [
          "corepkgs",
          "systems"
        ],
        "treefmt-nix": [
          "corepkgs",
          "treefmt-nix"
        ],
        "vim-plugins": "vim-plugins"
      }
    },
    "systems": {
      "locked": {
        "lastModified": 1681028828,
        "narHash": "sha256-Vy1rq5AaRuLzOxct8nz4T6wlgyUR7zLU309k9mBC768=",
        "owner": "nix-systems",
        "repo": "default",
        "rev": "da67096a3b9bf56a91d16901293e51ba5b49a27e",
        "type": "github"
      },
      "original": {
        "owner": "nix-systems",
        "repo": "default",
        "type": "github"
      }
    },
    "treefmt-nix": {
      "inputs": {
        "nixpkgs": "nixpkgs"
      },
      "locked": {
        "lastModified": 1786901030,
        "narHash": "sha256-WSFCsDSE5ffgD2MqzkM2CYjeFiKhRF/dJUN8uedb6YE=",
        "owner": "numtide",
        "repo": "treefmt-nix",
        "rev": "27b3b12a8e6375f28ebe122f07d230ca5459bbfa",
        "type": "github"
      },
      "original": {
        "owner": "numtide",
        "repo": "treefmt-nix",
        "type": "github"
      }
    },
    "vim-plugins": {
      "flake": false,
      "locked": {
        "lastModified": 1787405264,
        "narHash": "sha256-Q+m3ClJgBkezRlL05MPg+KjH0XIB3fASZhyAu9Y/7YM=",
        "owner": "ekala-project",
        "repo": "vim-plugins",
        "rev": "970cbae9e2f8df642a4b7247fe4979f13c38f09d",
        "type": "github"
      },
      "original": {
        "owner": "ekala-project",
        "repo": "vim-plugins",
        "type": "github"
      }
    }
  },
  "root": "root",
  "version": 7
}
